
Microsoft Visual Studio Solution File, Format Version 12.00
# Visual Studio Version 17
VisualStudioVersion = 17.6.33829.357
MinimumVisualStudioVersion = 10.0.40219.1
Project("{9A19103F-16F7-4668-BE54-9A1E7A4F7556}") = "EinfacheVerschluesselung", "EinfacheVerschluesselung.csproj", "{814E6DAF-6DED-45B9-8364-B2826072FFCD}"
EndProject
Global
	GlobalSection(SolutionConfigurationPlatforms) = preSolution
		Debug|Any CPU = Debug|Any CPU
		Release|Any CPU = Release|Any CPU
	EndGlobalSection
	GlobalSection(ProjectConfigurationPlatforms) = postSolution
		{814E6DAF-6DED-45B9-8364-B2826072FFCD}.Debug|Any CPU.ActiveCfg = Debug|Any CPU
		{814E6DAF-6DED-45B9-8364-B2826072FFCD}.Debug|Any CPU.Build.0 = Debug|Any CPU
		{814E6DAF-6DED-45B9-8364-B2826072FFCD}.Release|Any CPU.ActiveCfg = Release|Any CPU
		{814E6DAF-6DED-45B9-8364-B2826072FFCD}.Release|Any CPU.Build.0 = Release|Any CPU
	EndGlobalSection
	GlobalSection(SolutionProperties) = preSolution
		HideSolutionNode = FALSE
	EndGlobalSection
	GlobalSection(ExtensibilityGlobals) = postSolution
		SolutionGuid = {30E10A6C-6435-47B5-BB7D-48332BBB6F18}
	EndGlobalSection
EndGlobal
